
Microsoft Visual Studio Solution File, Format Version 12.00
# Visual Studio Version 17
VisualStudioVersion = 17.7.34018.315
MinimumVisualStudioVersion = 10.0.40219.1
Project("{FAE04EC0-301F-11D3-BF4B-00C04F79EFBC}") = "SimplileanP2P03", "SimplileanP2P03\SimplileanP2P03.csproj", "{30E54977-2D42-495E-9B66-5401755717DC}"
EndProject
Global
	GlobalSection(SolutionConfigurationPlatforms) = preSolution
		Debug|Any CPU = Debug|Any CPU
		Release|Any CPU = Release|Any CPU
	EndGlobalSection
	GlobalSection(ProjectConfigurationPlatforms) = postSolution
		{30E54977-2D42-495E-9B66-5401755717DC}.Debug|Any CPU.ActiveCfg = Debug|Any CPU
		{30E54977-2D42-495E-9B66-5401755717DC}.Debug|Any CPU.Build.0 = Debug|Any CPU
		{30E54977-2D42-495E-9B66-5401755717DC}.Release|Any CPU.ActiveCfg = Release|Any CPU
		{30E54977-2D42-495E-9B66-5401755717DC}.Release|Any CPU.Build.0 = Release|Any CPU
	EndGlobalSection
	GlobalSection(SolutionProperties) = preSolution
		HideSolutionNode = FALSE
	EndGlobalSection
	GlobalSection(ExtensibilityGlobals) = postSolution
		SolutionGuid = {65887152-CF1B-4608-A5CF-927A0CF3854B}
	EndGlobalSection
EndGlobal
